
Microsoft Visual Studio Solution File, Format Version 12.00
# Visual Studio Version 17
VisualStudioVersion = 17.4.33213.308
MinimumVisualStudioVersion = 10.0.40219.1
Project("{FAE04EC0-301F-11D3-BF4B-00C04F79EFBC}") = "CinemaOnline", "CinemaOnline\CinemaOnline.csproj", "{A901B886-AEFE-477A-B759-4FA4DFBB8DBC}"
EndProject
Global
	GlobalSection(SolutionConfigurationPlatforms) = preSolution
		Debug|Any CPU = Debug|Any CPU
		Release|Any CPU = Release|Any CPU
	EndGlobalSection
	GlobalSection(ProjectConfigurationPlatforms) = postSolution
		{A901B886-AEFE-477A-B759-4FA4DFBB8DBC}.Debug|Any CPU.ActiveCfg = Debug|Any CPU
		{A901B886-AEFE-477A-B759-4FA4DFBB8DBC}.Debug|Any CPU.Build.0 = Debug|Any CPU
		{A901B886-AEFE-477A-B759-4FA4DFBB8DBC}.Release|Any CPU.ActiveCfg = Release|Any CPU
		{A901B886-AEFE-477A-B759-4FA4DFBB8DBC}.Release|Any CPU.Build.0 = Release|Any CPU
	EndGlobalSection
	GlobalSection(SolutionProperties) = preSolution
		HideSolutionNode = FALSE
	EndGlobalSection
	GlobalSection(ExtensibilityGlobals) = postSolution
		SolutionGuid = {B3C25168-1CB9-4466-954F-37C9CE183AB8}
	EndGlobalSection
EndGlobal
